
Microsoft Visual Studio Solution File, Format Version 12.00
# Visual Studio Version 17
VisualStudioVersion = 17.1.32328.378
MinimumVisualStudioVersion = 10.0.40219.1
Project("{9A19103F-16F7-4668-BE54-9A1E7A4F7556}") = "DDB", "Src\DDB.csproj", "{DB7EA2DF-C893-4BD7-9C07-504D2F149097}"
EndProject
Project("{9A19103F-16F7-4668-BE54-9A1E7A4F7556}") = "DDB.Tests", "Tests\DDB.Tests.csproj", "{8DF450DE-BC3E-4F15-96AA-300B91850C77}"
EndProject
Global
	GlobalSection(SolutionConfigurationPlatforms) = preSolution
		Debug|Any CPU = Debug|Any CPU
		Release|Any CPU = Release|Any CPU
	EndGlobalSection
	GlobalSection(ProjectConfigurationPlatforms) = postSolution
		{DB7EA2DF-C893-4BD7-9C07-504D2F149097}.Debug|Any CPU.ActiveCfg = Debug|Any CPU
		{DB7EA2DF-C893-4BD7-9C07-504D2F149097}.Debug|Any CPU.Build.0 = Debug|Any CPU
		{DB7EA2DF-C893-4BD7-9C07-504D2F149097}.Release|Any CPU.ActiveCfg = Release|Any CPU
		{DB7EA2DF-C893-4BD7-9C07-504D2F149097}.Release|Any CPU.Build.0 = Release|Any CPU
		{8DF450DE-BC3E-4F15-96AA-300B91850C77}.Debug|Any CPU.ActiveCfg = Debug|Any CPU
		{8DF450DE-BC3E-4F15-96AA-300B91850C77}.Debug|Any CPU.Build.0 = Debug|Any CPU
		{8DF450DE-BC3E-4F15-96AA-300B91850C77}.Release|Any CPU.ActiveCfg = Release|Any CPU
		{8DF450DE-BC3E-4F15-96AA-300B91850C77}.Release|Any CPU.Build.0 = Release|Any CPU
	EndGlobalSection
	GlobalSection(SolutionProperties) = preSolution
		HideSolutionNode = FALSE
	EndGlobalSection
	GlobalSection(ExtensibilityGlobals) = postSolution
		SolutionGuid = {BB93AE15-9F61-4C75-BCF0-069050142C15}
	EndGlobalSection
EndGlobal
